
Microsoft Visual Studio Solution File, Format Version 12.00
Project("{FAE04EC0-301F-11D3-BF4B-00C04F79EFBC}") = "Clipify.Forms", "Clipify.Forms\Clipify.Forms.csproj", "{95B287DB-D1EB-452D-B7DB-14302DFA79BA}"
EndProject
Project("{2150E333-8FDC-42A3-9474-1A3956D46DE8}") = "docs", "docs", "{C152E630-A803-4E7F-A1E4-3DFB2B37A26B}"
	ProjectSection(SolutionItems) = preProject
		README.md = README.md
		.gitignore = .gitignore
	EndProjectSection
EndProject
Project("{FAE04EC0-301F-11D3-BF4B-00C04F79EFBC}") = "ClipifyConveter", "ClipifyConveter\ClipifyConveter.csproj", "{0AA0DCA6-8EE9-44F0-AFFC-37DD0BE2B218}"
EndProject
Project("{FAE04EC0-301F-11D3-BF4B-00C04F79EFBC}") = "Clipify.Core", "Clipify.Core\Clipify.Core.csproj", "{381BBCBC-8A79-46D9-AC42-F09DA1AA9213}"
EndProject
Project("{2150E333-8FDC-42A3-9474-1A3956D46DE8}") = "src", "src", "{827E0CD3-B72D-47B6-A68D-7590B98EB39B}"
EndProject
Project("{FAE04EC0-301F-11D3-BF4B-00C04F79EFBC}") = "Clipify.Domain", "src\Clipify.Domain\Clipify.Domain.csproj", "{766EEED0-134E-4CB1-911B-4D4494B9803C}"
EndProject
Project("{FAE04EC0-301F-11D3-BF4B-00C04F79EFBC}") = "Clipify.Application", "src\Clipify.Application\Clipify.Application.csproj", "{E0B39B38-E12F-4EDC-A954-C3E332A37AC3}"
EndProject
Project("{FAE04EC0-301F-11D3-BF4B-00C04F79EFBC}") = "Clipify.FFmpeg", "src\Clipify.FFmpeg\Clipify.FFmpeg.csproj", "{36CAD56A-6609-4045-BA7B-E37896C574B8}"
EndProject
Project("{FAE04EC0-301F-11D3-BF4B-00C04F79EFBC}") = "Clipify.Persistence", "src\Clipify.Persistence\Clipify.Persistence.csproj", "{B22820E4-8779-4B89-8A81-91C5F530C03A}"
EndProject
Project("{FAE04EC0-301F-11D3-BF4B-00C04F79EFBC}") = "Clipify.Hosting", "src\Clipify.Hosting\Clipify.Hosting.csproj", "{99E4D2FB-771F-48F8-A779-25F3DE6DE232}"
EndProject
Project("{FAE04EC0-301F-11D3-BF4B-00C04F79EFBC}") = "Clipify.UI", "src\Clipify.UI\Clipify.UI.csproj", "{4E458B8E-C4CD-42DA-8CA6-A55C0B82A99A}"
EndProject
Project("{FAE04EC0-301F-11D3-BF4B-00C04F79EFBC}") = "Clipify.Desktop", "src\Clipify.Desktop\Clipify.Desktop.csproj", "{E99760F0-9FBC-44B4-8905-85958620A78D}"
EndProject
Project("{FAE04EC0-301F-11D3-BF4B-00C04F79EFBC}") = "Clipify.Cli", "src\Clipify.Cli\Clipify.Cli.csproj", "{6CA47062-EBB8-4C39-A7F8-816974E3A8D3}"
EndProject
Project("{FAE04EC0-301F-11D3-BF4B-00C04F79EFBC}") = "Clipify.Mcp", "src\Clipify.Mcp\Clipify.Mcp.csproj", "{8ADF777D-6675-493A-A7D1-FDA6D546CC4D}"
EndProject
Project("{2150E333-8FDC-42A3-9474-1A3956D46DE8}") = "tests", "tests", "{0AB3BF05-4346-4AA6-1389-037BE0695223}"
EndProject
Project("{FAE04EC0-301F-11D3-BF4B-00C04F79EFBC}") = "Clipify.Domain.Tests", "tests\Clipify.Domain.Tests\Clipify.Domain.Tests.csproj", "{6E95E952-023B-4656-9BEC-8376F872C33C}"
EndProject
Project("{FAE04EC0-301F-11D3-BF4B-00C04F79EFBC}") = "Clipify.Application.Tests", "tests\Clipify.Application.Tests\Clipify.Application.Tests.csproj", "{757632A1-A34F-44FE-A8E3-3ADC896D8B2E}"
EndProject
Project("{FAE04EC0-301F-11D3-BF4B-00C04F79EFBC}") = "Clipify.FFmpeg.Tests", "tests\Clipify.FFmpeg.Tests\Clipify.FFmpeg.Tests.csproj", "{EC7E0D4D-979B-4EAE-A206-2D0DFE4C7CB3}"
EndProject
Project("{FAE04EC0-301F-11D3-BF4B-00C04F79EFBC}") = "Clipify.Persistence.Tests", "tests\Clipify.Persistence.Tests\Clipify.Persistence.Tests.csproj", "{92353CB4-B7BC-48D1-BC75-B6162DB8FD9E}"
EndProject
Project("{FAE04EC0-301F-11D3-BF4B-00C04F79EFBC}") = "Clipify.Cli.Tests", "tests\Clipify.Cli.Tests\Clipify.Cli.Tests.csproj", "{C5A33175-4D6F-4475-9911-F76C2F28A297}"
EndProject
Project("{FAE04EC0-301F-11D3-BF4B-00C04F79EFBC}") = "Clipify.Mcp.Tests", "tests\Clipify.Mcp.Tests\Clipify.Mcp.Tests.csproj", "{3CE6634E-2909-4C81-86A6-536E68329CFA}"
EndProject
Project("{FAE04EC0-301F-11D3-BF4B-00C04F79EFBC}") = "Clipify.UI.Tests", "tests\Clipify.UI.Tests\Clipify.UI.Tests.csproj", "{7C7DAE55-E5A8-49F3-B486-8ED921A0D6F2}"
EndProject
Project("{FAE04EC0-301F-11D3-BF4B-00C04F79EFBC}") = "Clipify.FFmpeg.ProcessHost", "tests\Clipify.FFmpeg.ProcessHost\Clipify.FFmpeg.ProcessHost.csproj", "{C6D6CD58-1D4A-4C2B-BE68-28E0FF7D64D1}"
EndProject
Global
	GlobalSection(SolutionConfigurationPlatforms) = preSolution
		Debug|Any CPU = Debug|Any CPU
		Debug|x64 = Debug|x64
		Debug|x86 = Debug|x86
		Release|Any CPU = Release|Any CPU
		Release|x64 = Release|x64
		Release|x86 = Release|x86
	EndGlobalSection
	GlobalSection(ProjectConfigurationPlatforms) = postSolution
		{95B287DB-D1EB-452D-B7DB-14302DFA79BA}.Debug|Any CPU.ActiveCfg = Debug|Any CPU
		{95B287DB-D1EB-452D-B7DB-14302DFA79BA}.Debug|Any CPU.Build.0 = Debug|Any CPU
		{95B287DB-D1EB-452D-B7DB-14302DFA79BA}.Debug|x64.ActiveCfg = Debug|Any CPU
		{95B287DB-D1EB-452D-B7DB-14302DFA79BA}.Debug|x64.Build.0 = Debug|Any CPU
		{95B287DB-D1EB-452D-B7DB-14302DFA79BA}.Debug|x86.ActiveCfg = Debug|Any CPU
		{95B287DB-D1EB-452D-B7DB-14302DFA79BA}.Debug|x86.Build.0 = Debug|Any CPU
		{95B287DB-D1EB-452D-B7DB-14302DFA79BA}.Release|Any CPU.ActiveCfg = Release|Any CPU
		{95B287DB-D1EB-452D-B7DB-14302DFA79BA}.Release|Any CPU.Build.0 = Release|Any CPU
		{95B287DB-D1EB-452D-B7DB-14302DFA79BA}.Release|x64.ActiveCfg = Release|Any CPU
		{95B287DB-D1EB-452D-B7DB-14302DFA79BA}.Release|x64.Build.0 = Release|Any CPU
		{95B287DB-D1EB-452D-B7DB-14302DFA79BA}.Release|x86.ActiveCfg = Release|Any CPU
		{95B287DB-D1EB-452D-B7DB-14302DFA79BA}.Release|x86.Build.0 = Release|Any CPU
		{0AA0DCA6-8EE9-44F0-AFFC-37DD0BE2B218}.Debug|Any CPU.ActiveCfg = Debug|Any CPU
		{0AA0DCA6-8EE9-44F0-AFFC-37DD0BE2B218}.Debug|Any CPU.Build.0 = Debug|Any CPU
		{0AA0DCA6-8EE9-44F0-AFFC-37DD0BE2B218}.Debug|x64.ActiveCfg = Debug|Any CPU
		{0AA0DCA6-8EE9-44F0-AFFC-37DD0BE2B218}.Debug|x64.Build.0 = Debug|Any CPU
		{0AA0DCA6-8EE9-44F0-AFFC-37DD0BE2B218}.Debug|x86.ActiveCfg = Debug|Any CPU
		{0AA0DCA6-8EE9-44F0-AFFC-37DD0BE2B218}.Debug|x86.Build.0 = Debug|Any CPU
		{0AA0DCA6-8EE9-44F0-AFFC-37DD0BE2B218}.Release|Any CPU.ActiveCfg = Release|Any CPU
		{0AA0DCA6-8EE9-44F0-AFFC-37DD0BE2B218}.Release|Any CPU.Build.0 = Release|Any CPU
		{0AA0DCA6-8EE9-44F0-AFFC-37DD0BE2B218}.Release|x64.ActiveCfg = Release|Any CPU
		{0AA0DCA6-8EE9-44F0-AFFC-37DD0BE2B218}.Release|x64.Build.0 = Release|Any CPU
		{0AA0DCA6-8EE9-44F0-AFFC-37DD0BE2B218}.Release|x86.ActiveCfg = Release|Any CPU
		{0AA0DCA6-8EE9-44F0-AFFC-37DD0BE2B218}.Release|x86.Build.0 = Release|Any CPU
		{381BBCBC-8A79-46D9-AC42-F09DA1AA9213}.Debug|Any CPU.ActiveCfg = Debug|Any CPU
		{381BBCBC-8A79-46D9-AC42-F09DA1AA9213}.Debug|Any CPU.Build.0 = Debug|Any CPU
		{381BBCBC-8A79-46D9-AC42-F09DA1AA9213}.Debug|x64.ActiveCfg = Debug|Any CPU
		{381BBCBC-8A79-46D9-AC42-F09DA1AA9213}.Debug|x64.Build.0 = Debug|Any CPU
		{381BBCBC-8A79-46D9-AC42-F09DA1AA9213}.Debug|x86.ActiveCfg = Debug|Any CPU
		{381BBCBC-8A79-46D9-AC42-F09DA1AA9213}.Debug|x86.Build.0 = Debug|Any CPU
		{381BBCBC-8A79-46D9-AC42-F09DA1AA9213}.Release|Any CPU.ActiveCfg = Release|Any CPU
		{381BBCBC-8A79-46D9-AC42-F09DA1AA9213}.Release|Any CPU.Build.0 = Release|Any CPU
		{381BBCBC-8A79-46D9-AC42-F09DA1AA9213}.Release|x64.ActiveCfg = Release|Any CPU
		{381BBCBC-8A79-46D9-AC42-F09DA1AA9213}.Release|x64.Build.0 = Release|Any CPU
		{381BBCBC-8A79-46D9-AC42-F09DA1AA9213}.Release|x86.ActiveCfg = Release|Any CPU
		{381BBCBC-8A79-46D9-AC42-F09DA1AA9213}.Release|x86.Build.0 = Release|Any CPU
		{766EEED0-134E-4CB1-911B-4D4494B9803C}.Debug|Any CPU.ActiveCfg = Debug|Any CPU
		{766EEED0-134E-4CB1-911B-4D4494B9803C}.Debug|Any CPU.Build.0 = Debug|Any CPU
		{766EEED0-134E-4CB1-911B-4D4494B9803C}.Debug|x64.ActiveCfg = Debug|Any CPU
		{766EEED0-134E-4CB1-911B-4D4494B9803C}.Debug|x64.Build.0 = Debug|Any CPU
		{766EEED0-134E-4CB1-911B-4D4494B9803C}.Debug|x86.ActiveCfg = Debug|Any CPU
		{766EEED0-134E-4CB1-911B-4D4494B9803C}.Debug|x86.Build.0 = Debug|Any CPU
		{766EEED0-134E-4CB1-911B-4D4494B9803C}.Release|Any CPU.ActiveCfg = Release|Any CPU
		{766EEED0-134E-4CB1-911B-4D4494B9803C}.Release|Any CPU.Build.0 = Release|Any CPU
		{766EEED0-134E-4CB1-911B-4D4494B9803C}.Release|x64.ActiveCfg = Release|Any CPU
		{766EEED0-134E-4CB1-911B-4D4494B9803C}.Release|x64.Build.0 = Release|Any CPU
		{766EEED0-134E-4CB1-911B-4D4494B9803C}.Release|x86.ActiveCfg = Release|Any CPU
		{766EEED0-134E-4CB1-911B-4D4494B9803C}.Release|x86.Build.0 = Release|Any CPU
		{E0B39B38-E12F-4EDC-A954-C3E332A37AC3}.Debug|Any CPU.ActiveCfg = Debug|Any CPU
		{E0B39B38-E12F-4EDC-A954-C3E332A37AC3}.Debug|Any CPU.Build.0 = Debug|Any CPU
		{E0B39B38-E12F-4EDC-A954-C3E332A37AC3}.Debug|x64.ActiveCfg = Debug|Any CPU
		{E0B39B38-E12F-4EDC-A954-C3E332A37AC3}.Debug|x64.Build.0 = Debug|Any CPU
		{E0B39B38-E12F-4EDC-A954-C3E332A37AC3}.Debug|x86.ActiveCfg = Debug|Any CPU
		{E0B39B38-E12F-4EDC-A954-C3E332A37AC3}.Debug|x86.Build.0 = Debug|Any CPU
		{E0B39B38-E12F-4EDC-A954-C3E332A37AC3}.Release|Any CPU.ActiveCfg = Release|Any CPU
		{E0B39B38-E12F-4EDC-A954-C3E332A37AC3}.Release|Any CPU.Build.0 = Release|Any CPU
		{E0B39B38-E12F-4EDC-A954-C3E332A37AC3}.Release|x64.ActiveCfg = Release|Any CPU
		{E0B39B38-E12F-4EDC-A954-C3E332A37AC3}.Release|x64.Build.0 = Release|Any CPU
		{E0B39B38-E12F-4EDC-A954-C3E332A37AC3}.Release|x86.ActiveCfg = Release|Any CPU
		{E0B39B38-E12F-4EDC-A954-C3E332A37AC3}.Release|x86.Build.0 = Release|Any CPU
		{36CAD56A-6609-4045-BA7B-E37896C574B8}.Debug|Any CPU.ActiveCfg = Debug|Any CPU
		{36CAD56A-6609-4045-BA7B-E37896C574B8}.Debug|Any CPU.Build.0 = Debug|Any CPU
		{36CAD56A-6609-4045-BA7B-E37896C574B8}.Debug|x64.ActiveCfg = Debug|Any CPU
		{36CAD56A-6609-4045-BA7B-E37896C574B8}.Debug|x64.Build.0 = Debug|Any CPU
		{36CAD56A-6609-4045-BA7B-E37896C574B8}.Debug|x86.ActiveCfg = Debug|Any CPU
		{36CAD56A-6609-4045-BA7B-E37896C574B8}.Debug|x86.Build.0 = Debug|Any CPU
		{36CAD56A-6609-4045-BA7B-E37896C574B8}.Release|Any CPU.ActiveCfg = Release|Any CPU
		{36CAD56A-6609-4045-BA7B-E37896C574B8}.Release|Any CPU.Build.0 = Release|Any CPU
		{36CAD56A-6609-4045-BA7B-E37896C574B8}.Release|x64.ActiveCfg = Release|Any CPU
		{36CAD56A-6609-4045-BA7B-E37896C574B8}.Release|x64.Build.0 = Release|Any CPU
		{36CAD56A-6609-4045-BA7B-E37896C574B8}.Release|x86.ActiveCfg = Release|Any CPU
		{36CAD56A-6609-4045-BA7B-E37896C574B8}.Release|x86.Build.0 = Release|Any CPU
		{B22820E4-8779-4B89-8A81-91C5F530C03A}.Debug|Any CPU.ActiveCfg = Debug|Any CPU
		{B22820E4-8779-4B89-8A81-91C5F530C03A}.Debug|Any CPU.Build.0 = Debug|Any CPU
		{B22820E4-8779-4B89-8A81-91C5F530C03A}.Debug|x64.ActiveCfg = Debug|Any CPU
		{B22820E4-8779-4B89-8A81-91C5F530C03A}.Debug|x64.Build.0 = Debug|Any CPU
		{B22820E4-8779-4B89-8A81-91C5F530C03A}.Debug|x86.ActiveCfg = Debug|Any CPU
		{B22820E4-8779-4B89-8A81-91C5F530C03A}.Debug|x86.Build.0 = Debug|Any CPU
		{B22820E4-8779-4B89-8A81-91C5F530C03A}.Release|Any CPU.ActiveCfg = Release|Any CPU
		{B22820E4-8779-4B89-8A81-91C5F530C03A}.Release|Any CPU.Build.0 = Release|Any CPU
		{B22820E4-8779-4B89-8A81-91C5F530C03A}.Release|x64.ActiveCfg = Release|Any CPU
		{B22820E4-8779-4B89-8A81-91C5F530C03A}.Release|x64.Build.0 = Release|Any CPU
		{B22820E4-8779-4B89-8A81-91C5F530C03A}.Release|x86.ActiveCfg = Release|Any CPU
		{B22820E4-8779-4B89-8A81-91C5F530C03A}.Release|x86.Build.0 = Release|Any CPU
		{99E4D2FB-771F-48F8-A779-25F3DE6DE232}.Debug|Any CPU.ActiveCfg = Debug|Any CPU
		{99E4D2FB-771F-48F8-A779-25F3DE6DE232}.Debug|Any CPU.Build.0 = Debug|Any CPU
		{99E4D2FB-771F-48F8-A779-25F3DE6DE232}.Debug|x64.ActiveCfg = Debug|Any CPU
		{99E4D2FB-771F-48F8-A779-25F3DE6DE232}.Debug|x64.Build.0 = Debug|Any CPU
		{99E4D2FB-771F-48F8-A779-25F3DE6DE232}.Debug|x86.ActiveCfg = Debug|Any CPU
		{99E4D2FB-771F-48F8-A779-25F3DE6DE232}.Debug|x86.Build.0 = Debug|Any CPU
		{99E4D2FB-771F-48F8-A779-25F3DE6DE232}.Release|Any CPU.ActiveCfg = Release|Any CPU
		{99E4D2FB-771F-48F8-A779-25F3DE6DE232}.Release|Any CPU.Build.0 = Release|Any CPU
		{99E4D2FB-771F-48F8-A779-25F3DE6DE232}.Release|x64.ActiveCfg = Release|Any CPU
		{99E4D2FB-771F-48F8-A779-25F3DE6DE232}.Release|x64.Build.0 = Release|Any CPU
		{99E4D2FB-771F-48F8-A779-25F3DE6DE232}.Release|x86.ActiveCfg = Release|Any CPU
		{99E4D2FB-771F-48F8-A779-25F3DE6DE232}.Release|x86.Build.0 = Release|Any CPU
		{4E458B8E-C4CD-42DA-8CA6-A55C0B82A99A}.Debug|Any CPU.ActiveCfg = Debug|Any CPU
		{4E458B8E-C4CD-42DA-8CA6-A55C0B82A99A}.Debug|Any CPU.Build.0 = Debug|Any CPU
		{4E458B8E-C4CD-42DA-8CA6-A55C0B82A99A}.Debug|x64.ActiveCfg = Debug|Any CPU
		{4E458B8E-C4CD-42DA-8CA6-A55C0B82A99A}.Debug|x64.Build.0 = Debug|Any CPU
		{4E458B8E-C4CD-42DA-8CA6-A55C0B82A99A}.Debug|x86.ActiveCfg = Debug|Any CPU
		{4E458B8E-C4CD-42DA-8CA6-A55C0B82A99A}.Debug|x86.Build.0 = Debug|Any CPU
		{4E458B8E-C4CD-42DA-8CA6-A55C0B82A99A}.Release|Any CPU.ActiveCfg = Release|Any CPU
		{4E458B8E-C4CD-42DA-8CA6-A55C0B82A99A}.Release|Any CPU.Build.0 = Release|Any CPU
		{4E458B8E-C4CD-42DA-8CA6-A55C0B82A99A}.Release|x64.ActiveCfg = Release|Any CPU
		{4E458B8E-C4CD-42DA-8CA6-A55C0B82A99A}.Release|x64.Build.0 = Release|Any CPU
		{4E458B8E-C4CD-42DA-8CA6-A55C0B82A99A}.Release|x86.ActiveCfg = Release|Any CPU
		{4E458B8E-C4CD-42DA-8CA6-A55C0B82A99A}.Release|x86.Build.0 = Release|Any CPU
		{E99760F0-9FBC-44B4-8905-85958620A78D}.Debug|Any CPU.ActiveCfg = Debug|Any CPU
		{E99760F0-9FBC-44B4-8905-85958620A78D}.Debug|Any CPU.Build.0 = Debug|Any CPU
		{E99760F0-9FBC-44B4-8905-85958620A78D}.Debug|x64.ActiveCfg = Debug|Any CPU
		{E99760F0-9FBC-44B4-8905-85958620A78D}.Debug|x64.Build.0 = Debug|Any CPU
		{E99760F0-9FBC-44B4-8905-85958620A78D}.Debug|x86.ActiveCfg = Debug|Any CPU
		{E99760F0-9FBC-44B4-8905-85958620A78D}.Debug|x86.Build.0 = Debug|Any CPU
		{E99760F0-9FBC-44B4-8905-85958620A78D}.Release|Any CPU.ActiveCfg = Release|Any CPU
		{E99760F0-9FBC-44B4-8905-85958620A78D}.Release|Any CPU.Build.0 = Release|Any CPU
		{E99760F0-9FBC-44B4-8905-85958620A78D}.Release|x64.ActiveCfg = Release|Any CPU
		{E99760F0-9FBC-44B4-8905-85958620A78D}.Release|x64.Build.0 = Release|Any CPU
		{E99760F0-9FBC-44B4-8905-85958620A78D}.Release|x86.ActiveCfg = Release|Any CPU
		{E99760F0-9FBC-44B4-8905-85958620A78D}.Release|x86.Build.0 = Release|Any CPU
		{6CA47062-EBB8-4C39-A7F8-816974E3A8D3}.Debug|Any CPU.ActiveCfg = Debug|Any CPU
		{6CA47062-EBB8-4C39-A7F8-816974E3A8D3}.Debug|Any CPU.Build.0 = Debug|Any CPU
		{6CA47062-EBB8-4C39-A7F8-816974E3A8D3}.Debug|x64.ActiveCfg = Debug|Any CPU
		{6CA47062-EBB8-4C39-A7F8-816974E3A8D3}.Debug|x64.Build.0 = Debug|Any CPU
		{6CA47062-EBB8-4C39-A7F8-816974E3A8D3}.Debug|x86.ActiveCfg = Debug|Any CPU
		{6CA47062-EBB8-4C39-A7F8-816974E3A8D3}.Debug|x86.Build.0 = Debug|Any CPU
		{6CA47062-EBB8-4C39-A7F8-816974E3A8D3}.Release|Any CPU.ActiveCfg = Release|Any CPU
		{6CA47062-EBB8-4C39-A7F8-816974E3A8D3}.Release|Any CPU.Build.0 = Release|Any CPU
		{6CA47062-EBB8-4C39-A7F8-816974E3A8D3}.Release|x64.ActiveCfg = Release|Any CPU
		{6CA47062-EBB8-4C39-A7F8-816974E3A8D3}.Release|x64.Build.0 = Release|Any CPU
		{6CA47062-EBB8-4C39-A7F8-816974E3A8D3}.Release|x86.ActiveCfg = Release|Any CPU
		{6CA47062-EBB8-4C39-A7F8-816974E3A8D3}.Release|x86.Build.0 = Release|Any CPU
		{8ADF777D-6675-493A-A7D1-FDA6D546CC4D}.Debug|Any CPU.ActiveCfg = Debug|Any CPU
		{8ADF777D-6675-493A-A7D1-FDA6D546CC4D}.Debug|Any CPU.Build.0 = Debug|Any CPU
		{8ADF777D-6675-493A-A7D1-FDA6D546CC4D}.Debug|x64.ActiveCfg = Debug|Any CPU
		{8ADF777D-6675-493A-A7D1-FDA6D546CC4D}.Debug|x64.Build.0 = Debug|Any CPU
		{8ADF777D-6675-493A-A7D1-FDA6D546CC4D}.Debug|x86.ActiveCfg = Debug|Any CPU
		{8ADF777D-6675-493A-A7D1-FDA6D546CC4D}.Debug|x86.Build.0 = Debug|Any CPU
		{8ADF777D-6675-493A-A7D1-FDA6D546CC4D}.Release|Any CPU.ActiveCfg = Release|Any CPU
		{8ADF777D-6675-493A-A7D1-FDA6D546CC4D}.Release|Any CPU.Build.0 = Release|Any CPU
		{8ADF777D-6675-493A-A7D1-FDA6D546CC4D}.Release|x64.ActiveCfg = Release|Any CPU
		{8ADF777D-6675-493A-A7D1-FDA6D546CC4D}.Release|x64.Build.0 = Release|Any CPU
		{8ADF777D-6675-493A-A7D1-FDA6D546CC4D}.Release|x86.ActiveCfg = Release|Any CPU
		{8ADF777D-6675-493A-A7D1-FDA6D546CC4D}.Release|x86.Build.0 = Release|Any CPU
		{6E95E952-023B-4656-9BEC-8376F872C33C}.Debug|Any CPU.ActiveCfg = Debug|Any CPU
		{6E95E952-023B-4656-9BEC-8376F872C33C}.Debug|Any CPU.Build.0 = Debug|Any CPU
		{6E95E952-023B-4656-9BEC-8376F872C33C}.Debug|x64.ActiveCfg = Debug|Any CPU
		{6E95E952-023B-4656-9BEC-8376F872C33C}.Debug|x64.Build.0 = Debug|Any CPU
		{6E95E952-023B-4656-9BEC-8376F872C33C}.Debug|x86.ActiveCfg = Debug|Any CPU
		{6E95E952-023B-4656-9BEC-8376F872C33C}.Debug|x86.Build.0 = Debug|Any CPU
		{6E95E952-023B-4656-9BEC-8376F872C33C}.Release|Any CPU.ActiveCfg = Release|Any CPU
		{6E95E952-023B-4656-9BEC-8376F872C33C}.Release|Any CPU.Build.0 = Release|Any CPU
		{6E95E952-023B-4656-9BEC-8376F872C33C}.Release|x64.ActiveCfg = Release|Any CPU
		{6E95E952-023B-4656-9BEC-8376F872C33C}.Release|x64.Build.0 = Release|Any CPU
		{6E95E952-023B-4656-9BEC-8376F872C33C}.Release|x86.ActiveCfg = Release|Any CPU
		{6E95E952-023B-4656-9BEC-8376F872C33C}.Release|x86.Build.0 = Release|Any CPU
		{757632A1-A34F-44FE-A8E3-3ADC896D8B2E}.Debug|Any CPU.ActiveCfg = Debug|Any CPU
		{757632A1-A34F-44FE-A8E3-3ADC896D8B2E}.Debug|Any CPU.Build.0 = Debug|Any CPU
		{757632A1-A34F-44FE-A8E3-3ADC896D8B2E}.Debug|x64.ActiveCfg = Debug|Any CPU
		{757632A1-A34F-44FE-A8E3-3ADC896D8B2E}.Debug|x64.Build.0 = Debug|Any CPU
		{757632A1-A34F-44FE-A8E3-3ADC896D8B2E}.Debug|x86.ActiveCfg = Debug|Any CPU
		{757632A1-A34F-44FE-A8E3-3ADC896D8B2E}.Debug|x86.Build.0 = Debug|Any CPU
		{757632A1-A34F-44FE-A8E3-3ADC896D8B2E}.Release|Any CPU.ActiveCfg = Release|Any CPU
		{757632A1-A34F-44FE-A8E3-3ADC896D8B2E}.Release|Any CPU.Build.0 = Release|Any CPU
		{757632A1-A34F-44FE-A8E3-3ADC896D8B2E}.Release|x64.ActiveCfg = Release|Any CPU
		{757632A1-A34F-44FE-A8E3-3ADC896D8B2E}.Release|x64.Build.0 = Release|Any CPU
		{757632A1-A34F-44FE-A8E3-3ADC896D8B2E}.Release|x86.ActiveCfg = Release|Any CPU
		{757632A1-A34F-44FE-A8E3-3ADC896D8B2E}.Release|x86.Build.0 = Release|Any CPU
		{EC7E0D4D-979B-4EAE-A206-2D0DFE4C7CB3}.Debug|Any CPU.ActiveCfg = Debug|Any CPU
		{EC7E0D4D-979B-4EAE-A206-2D0DFE4C7CB3}.Debug|Any CPU.Build.0 = Debug|Any CPU
		{EC7E0D4D-979B-4EAE-A206-2D0DFE4C7CB3}.Debug|x64.ActiveCfg = Debug|Any CPU
		{EC7E0D4D-979B-4EAE-A206-2D0DFE4C7CB3}.Debug|x64.Build.0 = Debug|Any CPU
		{EC7E0D4D-979B-4EAE-A206-2D0DFE4C7CB3}.Debug|x86.ActiveCfg = Debug|Any CPU
		{EC7E0D4D-979B-4EAE-A206-2D0DFE4C7CB3}.Debug|x86.Build.0 = Debug|Any CPU
		{EC7E0D4D-979B-4EAE-A206-2D0DFE4C7CB3}.Release|Any CPU.ActiveCfg = Release|Any CPU
		{EC7E0D4D-979B-4EAE-A206-2D0DFE4C7CB3}.Release|Any CPU.Build.0 = Release|Any CPU
		{EC7E0D4D-979B-4EAE-A206-2D0DFE4C7CB3}.Release|x64.ActiveCfg = Release|Any CPU
		{EC7E0D4D-979B-4EAE-A206-2D0DFE4C7CB3}.Release|x64.Build.0 = Release|Any CPU
		{EC7E0D4D-979B-4EAE-A206-2D0DFE4C7CB3}.Release|x86.ActiveCfg = Release|Any CPU
		{EC7E0D4D-979B-4EAE-A206-2D0DFE4C7CB3}.Release|x86.Build.0 = Release|Any CPU
		{92353CB4-B7BC-48D1-BC75-B6162DB8FD9E}.Debug|Any CPU.ActiveCfg = Debug|Any CPU
		{92353CB4-B7BC-48D1-BC75-B6162DB8FD9E}.Debug|Any CPU.Build.0 = Debug|Any CPU
		{92353CB4-B7BC-48D1-BC75-B6162DB8FD9E}.Debug|x64.ActiveCfg = Debug|Any CPU
		{92353CB4-B7BC-48D1-BC75-B6162DB8FD9E}.Debug|x64.Build.0 = Debug|Any CPU
		{92353CB4-B7BC-48D1-BC75-B6162DB8FD9E}.Debug|x86.ActiveCfg = Debug|Any CPU
		{92353CB4-B7BC-48D1-BC75-B6162DB8FD9E}.Debug|x86.Build.0 = Debug|Any CPU
		{92353CB4-B7BC-48D1-BC75-B6162DB8FD9E}.Release|Any CPU.ActiveCfg = Release|Any CPU
		{92353CB4-B7BC-48D1-BC75-B6162DB8FD9E}.Release|Any CPU.Build.0 = Release|Any CPU
		{92353CB4-B7BC-48D1-BC75-B6162DB8FD9E}.Release|x64.ActiveCfg = Release|Any CPU
		{92353CB4-B7BC-48D1-BC75-B6162DB8FD9E}.Release|x64.Build.0 = Release|Any CPU
		{92353CB4-B7BC-48D1-BC75-B6162DB8FD9E}.Release|x86.ActiveCfg = Release|Any CPU
		{92353CB4-B7BC-48D1-BC75-B6162DB8FD9E}.Release|x86.Build.0 = Release|Any CPU
		{C5A33175-4D6F-4475-9911-F76C2F28A297}.Debug|Any CPU.ActiveCfg = Debug|Any CPU
		{C5A33175-4D6F-4475-9911-F76C2F28A297}.Debug|Any CPU.Build.0 = Debug|Any CPU
		{C5A33175-4D6F-4475-9911-F76C2F28A297}.Debug|x64.ActiveCfg = Debug|Any CPU
		{C5A33175-4D6F-4475-9911-F76C2F28A297}.Debug|x64.Build.0 = Debug|Any CPU
		{C5A33175-4D6F-4475-9911-F76C2F28A297}.Debug|x86.ActiveCfg = Debug|Any CPU
		{C5A33175-4D6F-4475-9911-F76C2F28A297}.Debug|x86.Build.0 = Debug|Any CPU
		{C5A33175-4D6F-4475-9911-F76C2F28A297}.Release|Any CPU.ActiveCfg = Release|Any CPU
		{C5A33175-4D6F-4475-9911-F76C2F28A297}.Release|Any CPU.Build.0 = Release|Any CPU
		{C5A33175-4D6F-4475-9911-F76C2F28A297}.Release|x64.ActiveCfg = Release|Any CPU
		{C5A33175-4D6F-4475-9911-F76C2F28A297}.Release|x64.Build.0 = Release|Any CPU
		{C5A33175-4D6F-4475-9911-F76C2F28A297}.Release|x86.ActiveCfg = Release|Any CPU
		{C5A33175-4D6F-4475-9911-F76C2F28A297}.Release|x86.Build.0 = Release|Any CPU
		{3CE6634E-2909-4C81-86A6-536E68329CFA}.Debug|Any CPU.ActiveCfg = Debug|Any CPU
		{3CE6634E-2909-4C81-86A6-536E68329CFA}.Debug|Any CPU.Build.0 = Debug|Any CPU
		{3CE6634E-2909-4C81-86A6-536E68329CFA}.Debug|x64.ActiveCfg = Debug|Any CPU
		{3CE6634E-2909-4C81-86A6-536E68329CFA}.Debug|x64.Build.0 = Debug|Any CPU
		{3CE6634E-2909-4C81-86A6-536E68329CFA}.Debug|x86.ActiveCfg = Debug|Any CPU
		{3CE6634E-2909-4C81-86A6-536E68329CFA}.Debug|x86.Build.0 = Debug|Any CPU
		{3CE6634E-2909-4C81-86A6-536E68329CFA}.Release|Any CPU.ActiveCfg = Release|Any CPU
		{3CE6634E-2909-4C81-86A6-536E68329CFA}.Release|Any CPU.Build.0 = Release|Any CPU
		{3CE6634E-2909-4C81-86A6-536E68329CFA}.Release|x64.ActiveCfg = Release|Any CPU
		{3CE6634E-2909-4C81-86A6-536E68329CFA}.Release|x64.Build.0 = Release|Any CPU
		{3CE6634E-2909-4C81-86A6-536E68329CFA}.Release|x86.ActiveCfg = Release|Any CPU
		{3CE6634E-2909-4C81-86A6-536E68329CFA}.Release|x86.Build.0 = Release|Any CPU
		{7C7DAE55-E5A8-49F3-B486-8ED921A0D6F2}.Debug|Any CPU.ActiveCfg = Debug|Any CPU
		{7C7DAE55-E5A8-49F3-B486-8ED921A0D6F2}.Debug|Any CPU.Build.0 = Debug|Any CPU
		{7C7DAE55-E5A8-49F3-B486-8ED921A0D6F2}.Debug|x64.ActiveCfg = Debug|Any CPU
		{7C7DAE55-E5A8-49F3-B486-8ED921A0D6F2}.Debug|x64.Build.0 = Debug|Any CPU
		{7C7DAE55-E5A8-49F3-B486-8ED921A0D6F2}.Debug|x86.ActiveCfg = Debug|Any CPU
		{7C7DAE55-E5A8-49F3-B486-8ED921A0D6F2}.Debug|x86.Build.0 = Debug|Any CPU
		{7C7DAE55-E5A8-49F3-B486-8ED921A0D6F2}.Release|Any CPU.ActiveCfg = Release|Any CPU
		{7C7DAE55-E5A8-49F3-B486-8ED921A0D6F2}.Release|Any CPU.Build.0 = Release|Any CPU
		{7C7DAE55-E5A8-49F3-B486-8ED921A0D6F2}.Release|x64.ActiveCfg = Release|Any CPU
		{7C7DAE55-E5A8-49F3-B486-8ED921A0D6F2}.Release|x64.Build.0 = Release|Any CPU
		{7C7DAE55-E5A8-49F3-B486-8ED921A0D6F2}.Release|x86.ActiveCfg = Release|Any CPU
		{7C7DAE55-E5A8-49F3-B486-8ED921A0D6F2}.Release|x86.Build.0 = Release|Any CPU
		{C6D6CD58-1D4A-4C2B-BE68-28E0FF7D64D1}.Debug|Any CPU.ActiveCfg = Debug|Any CPU
		{C6D6CD58-1D4A-4C2B-BE68-28E0FF7D64D1}.Debug|Any CPU.Build.0 = Debug|Any CPU
		{C6D6CD58-1D4A-4C2B-BE68-28E0FF7D64D1}.Debug|x64.ActiveCfg = Debug|Any CPU
		{C6D6CD58-1D4A-4C2B-BE68-28E0FF7D64D1}.Debug|x64.Build.0 = Debug|Any CPU
		{C6D6CD58-1D4A-4C2B-BE68-28E0FF7D64D1}.Debug|x86.ActiveCfg = Debug|Any CPU
		{C6D6CD58-1D4A-4C2B-BE68-28E0FF7D64D1}.Debug|x86.Build.0 = Debug|Any CPU
		{C6D6CD58-1D4A-4C2B-BE68-28E0FF7D64D1}.Release|Any CPU.ActiveCfg = Release|Any CPU
		{C6D6CD58-1D4A-4C2B-BE68-28E0FF7D64D1}.Release|Any CPU.Build.0 = Release|Any CPU
		{C6D6CD58-1D4A-4C2B-BE68-28E0FF7D64D1}.Release|x64.ActiveCfg = Release|Any CPU
		{C6D6CD58-1D4A-4C2B-BE68-28E0FF7D64D1}.Release|x64.Build.0 = Release|Any CPU
		{C6D6CD58-1D4A-4C2B-BE68-28E0FF7D64D1}.Release|x86.ActiveCfg = Release|Any CPU
		{C6D6CD58-1D4A-4C2B-BE68-28E0FF7D64D1}.Release|x86.Build.0 = Release|Any CPU
	EndGlobalSection
	GlobalSection(SolutionProperties) = preSolution
		HideSolutionNode = FALSE
	EndGlobalSection
	GlobalSection(NestedProjects) = preSolution
		{766EEED0-134E-4CB1-911B-4D4494B9803C} = {827E0CD3-B72D-47B6-A68D-7590B98EB39B}
		{E0B39B38-E12F-4EDC-A954-C3E332A37AC3} = {827E0CD3-B72D-47B6-A68D-7590B98EB39B}
		{36CAD56A-6609-4045-BA7B-E37896C574B8} = {827E0CD3-B72D-47B6-A68D-7590B98EB39B}
		{B22820E4-8779-4B89-8A81-91C5F530C03A} = {827E0CD3-B72D-47B6-A68D-7590B98EB39B}
		{99E4D2FB-771F-48F8-A779-25F3DE6DE232} = {827E0CD3-B72D-47B6-A68D-7590B98EB39B}
		{4E458B8E-C4CD-42DA-8CA6-A55C0B82A99A} = {827E0CD3-B72D-47B6-A68D-7590B98EB39B}
		{E99760F0-9FBC-44B4-8905-85958620A78D} = {827E0CD3-B72D-47B6-A68D-7590B98EB39B}
		{6CA47062-EBB8-4C39-A7F8-816974E3A8D3} = {827E0CD3-B72D-47B6-A68D-7590B98EB39B}
		{8ADF777D-6675-493A-A7D1-FDA6D546CC4D} = {827E0CD3-B72D-47B6-A68D-7590B98EB39B}
		{6E95E952-023B-4656-9BEC-8376F872C33C} = {0AB3BF05-4346-4AA6-1389-037BE0695223}
		{757632A1-A34F-44FE-A8E3-3ADC896D8B2E} = {0AB3BF05-4346-4AA6-1389-037BE0695223}
		{EC7E0D4D-979B-4EAE-A206-2D0DFE4C7CB3} = {0AB3BF05-4346-4AA6-1389-037BE0695223}
		{92353CB4-B7BC-48D1-BC75-B6162DB8FD9E} = {0AB3BF05-4346-4AA6-1389-037BE0695223}
		{C5A33175-4D6F-4475-9911-F76C2F28A297} = {0AB3BF05-4346-4AA6-1389-037BE0695223}
		{3CE6634E-2909-4C81-86A6-536E68329CFA} = {0AB3BF05-4346-4AA6-1389-037BE0695223}
		{7C7DAE55-E5A8-49F3-B486-8ED921A0D6F2} = {0AB3BF05-4346-4AA6-1389-037BE0695223}
		{C6D6CD58-1D4A-4C2B-BE68-28E0FF7D64D1} = {0AB3BF05-4346-4AA6-1389-037BE0695223}
	EndGlobalSection
EndGlobal
