
Microsoft Visual Studio Solution File, Format Version 12.00
Project("{FAE04EC0-301F-11D3-BF4B-00C04F79EFBC}") = "Clipify.Forms", "Clipify.Forms\Clipify.Forms.csproj", "{95B287DB-D1EB-452D-B7DB-14302DFA79BA}"
EndProject
Global
	GlobalSection(SolutionConfigurationPlatforms) = preSolution
		Debug|Any CPU = Debug|Any CPU
		Release|Any CPU = Release|Any CPU
	EndGlobalSection
	GlobalSection(ProjectConfigurationPlatforms) = postSolution
		{95B287DB-D1EB-452D-B7DB-14302DFA79BA}.Debug|Any CPU.ActiveCfg = Debug|Any CPU
		{95B287DB-D1EB-452D-B7DB-14302DFA79BA}.Debug|Any CPU.Build.0 = Debug|Any CPU
		{95B287DB-D1EB-452D-B7DB-14302DFA79BA}.Release|Any CPU.ActiveCfg = Release|Any CPU
		{95B287DB-D1EB-452D-B7DB-14302DFA79BA}.Release|Any CPU.Build.0 = Release|Any CPU
	EndGlobalSection
EndGlobal
